# THIS IS AN AUTOGENERATED FILE. DO NOT EDIT THIS FILE DIRECTLY.
# yarn lockfile v1


"@types/prop-types@*":
  version "15.7.3"
  resolved "https://registry.yarnpkg.com/@types/prop-types/-/prop-types-15.7.3.tgz#2ab0d5da2e5815f94b0b9d4b95d1e5f243ab2ca7"

"@types/react@16.4.9":
  version "16.4.9"
  resolved "https://registry.yarnpkg.com/@types/react/-/react-16.4.9.tgz#98b4dba5a0419dbd594f5dbbb2479e1e153431bb"
  dependencies:
    "@types/prop-types" "*"
    csstype "^2.2.0"

csstype@^2.2.0:
  version "2.6.7"
  resolved "https://registry.yarnpkg.com/csstype/-/csstype-2.6.7.tgz#20b0024c20b6718f4eda3853a1f5a1cce7f5e4a5"

typescript@3.4.4:
  version "3.4.4"
  resolved "https://registry.yarnpkg.com/typescript/-/typescript-3.4.4.tgz#aac4a08abecab8091a75f10842ffa0631818f785"
